Microsoft Visual Studio Solution File, Format Version 12.00
# Visual Studio Version 17
VisualStudioVersion = 17.5.2.0
MinimumVisualStudioVersion = 10.0.40219.1
Project("{FAE04EC0-301F-11D3-BF4B-00C04F79EFBC}") = "Voorkant", "Voorkant.csproj", "{FD912F57-2109-8D10-2E4C-A46BBE498372}"
EndProject
Global
	GlobalSection(SolutionConfigurationPlatforms) = preSolution
		Debug|Any CPU = Debug|Any CPU
		Release|Any CPU = Release|Any CPU
	EndGlobalSection
	GlobalSection(ProjectConfigurationPlatforms) = postSolution
		{FD912F57-2109-8D10-2E4C-A46BBE498372}.Debug|Any CPU.ActiveCfg = Debug|Any CPU
		{FD912F57-2109-8D10-2E4C-A46BBE498372}.Debug|Any CPU.Build.0 = Debug|Any CPU
		{FD912F57-2109-8D10-2E4C-A46BBE498372}.Release|Any CPU.ActiveCfg = Release|Any CPU
		{FD912F57-2109-8D10-2E4C-A46BBE498372}.Release|Any CPU.Build.0 = Release|Any CPU
	EndGlobalSection
	GlobalSection(SolutionProperties) = preSolution
		HideSolutionNode = FALSE
	EndGlobalSection
	GlobalSection(ExtensibilityGlobals) = postSolution
		SolutionGuid = {93771B81-FC2F-4264-A54E-E9FC12327AF8}
	EndGlobalSection
EndGlobal
