
Microsoft Visual Studio Solution File, Format Version 12.00
# Visual Studio Version 17
VisualStudioVersion = 17.12.35707.178 d17.12
MinimumVisualStudioVersion = 10.0.40219.1
Project("{FAE04EC0-301F-11D3-BF4B-00C04F79EFBC}") = "FunPart1", "FunPart1\FunPart1.csproj", "{90FC678E-11AC-476C-8535-9B1D95961AF7}"
EndProject
Project("{FAE04EC0-301F-11D3-BF4B-00C04F79EFBC}") = "FunPart2", "FunPart2\FunPart2.csproj", "{231888FF-E4D2-4D8F-B59D-534490EC6DBC}"
EndProject
Project("{FAE04EC0-301F-11D3-BF4B-00C04F79EFBC}") = "FunPart3", "FunPart3\FunPart3.csproj", "{CCBC2CC9-0368-40EB-A9C0-80273C16B05A}"
EndProject
Global
	GlobalSection(SolutionConfigurationPlatforms) = preSolution
		Debug|Any CPU = Debug|Any CPU
		Release|Any CPU = Release|Any CPU
	EndGlobalSection
	GlobalSection(ProjectConfigurationPlatforms) = postSolution
		{90FC678E-11AC-476C-8535-9B1D95961AF7}.Debug|Any CPU.ActiveCfg = Debug|Any CPU
		{90FC678E-11AC-476C-8535-9B1D95961AF7}.Debug|Any CPU.Build.0 = Debug|Any CPU
		{90FC678E-11AC-476C-8535-9B1D95961AF7}.Release|Any CPU.ActiveCfg = Release|Any CPU
		{90FC678E-11AC-476C-8535-9B1D95961AF7}.Release|Any CPU.Build.0 = Release|Any CPU
		{231888FF-E4D2-4D8F-B59D-534490EC6DBC}.Debug|Any CPU.ActiveCfg = Debug|Any CPU
		{231888FF-E4D2-4D8F-B59D-534490EC6DBC}.Debug|Any CPU.Build.0 = Debug|Any CPU
		{231888FF-E4D2-4D8F-B59D-534490EC6DBC}.Release|Any CPU.ActiveCfg = Release|Any CPU
		{231888FF-E4D2-4D8F-B59D-534490EC6DBC}.Release|Any CPU.Build.0 = Release|Any CPU
		{CCBC2CC9-0368-40EB-A9C0-80273C16B05A}.Debug|Any CPU.ActiveCfg = Debug|Any CPU
		{CCBC2CC9-0368-40EB-A9C0-80273C16B05A}.Debug|Any CPU.Build.0 = Debug|Any CPU
		{CCBC2CC9-0368-40EB-A9C0-80273C16B05A}.Release|Any CPU.ActiveCfg = Release|Any CPU
		{CCBC2CC9-0368-40EB-A9C0-80273C16B05A}.Release|Any CPU.Build.0 = Release|Any CPU
	EndGlobalSection
	GlobalSection(SolutionProperties) = preSolution
		HideSolutionNode = FALSE
	EndGlobalSection
EndGlobal
